
Microsoft Visual Studio Solution File, Format Version 12.00
# Visual Studio Version 17
VisualStudioVersion = 17.10.35004.147
MinimumVisualStudioVersion = 10.0.40219.1
Project("{2150E333-8FDC-42A3-9474-1A3956D46DE8}") = "Services", "Services", "{CF83E2C6-919D-4EA6-8E38-60B1BC532C0B}"
EndProject
Project("{2150E333-8FDC-42A3-9474-1A3956D46DE8}") = "ApiGateway", "ApiGateway", "{9A2859D0-FD56-4370-914D-AD74B20EDC0B}"
EndProject
Project("{E53339B2-1760-4266-BCC7-CA923CBCF16C}") = "docker-compose", "docker-compose.dcproj", "{E0750582-5FD3-4BFF-A6AB-04B45DB9ECA9}"
EndProject
Project("{9A19103F-16F7-4668-BE54-9A1E7A4F7556}") = "ApiGateway", "src\ApiGateway\ApiGateway.csproj", "{C373F6CB-6641-41A1-B882-77AFE4D4EC7E}"
EndProject
Project("{9A19103F-16F7-4668-BE54-9A1E7A4F7556}") = "AuthAPI", "src\AuthAPI\AuthAPI.csproj", "{1CC64BB3-5C2D-4274-9D3E-0057C5947097}"
EndProject
Project("{9A19103F-16F7-4668-BE54-9A1E7A4F7556}") = "JwtAuthenticationManager", "src\JwtAuthenticationManager\JwtAuthenticationManager.csproj", "{E3EEF74C-AD32-49A4-BCBF-8FD989D1BA0F}"
EndProject
Project("{888888A0-9F3D-457C-B088-3A5042F75D52}") = "RecognizeAPI", "src\RecognizeAPI\RecognizeAPI.pyproj", "{BD1FB871-D3E2-4B54-A066-CB73E12C0B46}"
EndProject
Project("{2150E333-8FDC-42A3-9474-1A3956D46DE8}") = "Tests", "Tests", "{AB32854C-6444-4ECA-B15C-F30530B4D2B1}"
EndProject
Project("{9A19103F-16F7-4668-BE54-9A1E7A4F7556}") = "PlantSchedulerAPI.Tests", "tests\GardenAPI.Tests\PlantSchedulerAPI.Tests.csproj", "{D6DC7377-D430-4584-BCA6-1C25726E10A6}"
EndProject
Project("{9A19103F-16F7-4668-BE54-9A1E7A4F7556}") = "UserGardenAPI", "src\UserGardenAPI\UserGardenAPI.csproj", "{41A0EB36-4638-45AB-8E1C-55A826E46C4A}"
EndProject
Project("{9A19103F-16F7-4668-BE54-9A1E7A4F7556}") = "PlantSchedulerAPI", "src\PlantSchedulerAPI\PlantSchedulerAPI.csproj", "{49CEA3E6-453C-476F-B5D8-FADEA67EE695}"
EndProject
Project("{9A19103F-16F7-4668-BE54-9A1E7A4F7556}") = "ResourceAPI", "src\ResourceAPI\ResourceAPI.csproj", "{D8890F0B-0C75-44A7-BF92-B417DB2DBD04}"
EndProject
Global
	GlobalSection(SolutionConfigurationPlatforms) = preSolution
		Debug|Any CPU = Debug|Any CPU
		Release|Any CPU = Release|Any CPU
	EndGlobalSection
	GlobalSection(ProjectConfigurationPlatforms) = postSolution
		{E0750582-5FD3-4BFF-A6AB-04B45DB9ECA9}.Debug|Any CPU.ActiveCfg = Debug|Any CPU
		{E0750582-5FD3-4BFF-A6AB-04B45DB9ECA9}.Debug|Any CPU.Build.0 = Debug|Any CPU
		{E0750582-5FD3-4BFF-A6AB-04B45DB9ECA9}.Release|Any CPU.ActiveCfg = Release|Any CPU
		{E0750582-5FD3-4BFF-A6AB-04B45DB9ECA9}.Release|Any CPU.Build.0 = Release|Any CPU
		{C373F6CB-6641-41A1-B882-77AFE4D4EC7E}.Debug|Any CPU.ActiveCfg = Debug|Any CPU
		{C373F6CB-6641-41A1-B882-77AFE4D4EC7E}.Debug|Any CPU.Build.0 = Debug|Any CPU
		{C373F6CB-6641-41A1-B882-77AFE4D4EC7E}.Release|Any CPU.ActiveCfg = Release|Any CPU
		{C373F6CB-6641-41A1-B882-77AFE4D4EC7E}.Release|Any CPU.Build.0 = Release|Any CPU
		{1CC64BB3-5C2D-4274-9D3E-0057C5947097}.Debug|Any CPU.ActiveCfg = Debug|Any CPU
		{1CC64BB3-5C2D-4274-9D3E-0057C5947097}.Debug|Any CPU.Build.0 = Debug|Any CPU
		{1CC64BB3-5C2D-4274-9D3E-0057C5947097}.Release|Any CPU.ActiveCfg = Release|Any CPU
		{1CC64BB3-5C2D-4274-9D3E-0057C5947097}.Release|Any CPU.Build.0 = Release|Any CPU
		{E3EEF74C-AD32-49A4-BCBF-8FD989D1BA0F}.Debug|Any CPU.ActiveCfg = Debug|Any CPU
		{E3EEF74C-AD32-49A4-BCBF-8FD989D1BA0F}.Debug|Any CPU.Build.0 = Debug|Any CPU
		{E3EEF74C-AD32-49A4-BCBF-8FD989D1BA0F}.Release|Any CPU.ActiveCfg = Release|Any CPU
		{E3EEF74C-AD32-49A4-BCBF-8FD989D1BA0F}.Release|Any CPU.Build.0 = Release|Any CPU
		{BD1FB871-D3E2-4B54-A066-CB73E12C0B46}.Debug|Any CPU.ActiveCfg = Debug|Any CPU
		{BD1FB871-D3E2-4B54-A066-CB73E12C0B46}.Debug|Any CPU.Build.0 = Debug|Any CPU
		{BD1FB871-D3E2-4B54-A066-CB73E12C0B46}.Release|Any CPU.ActiveCfg = Release|Any CPU
		{BD1FB871-D3E2-4B54-A066-CB73E12C0B46}.Release|Any CPU.Build.0 = Release|Any CPU
		{D6DC7377-D430-4584-BCA6-1C25726E10A6}.Debug|Any CPU.ActiveCfg = Debug|Any CPU
		{D6DC7377-D430-4584-BCA6-1C25726E10A6}.Debug|Any CPU.Build.0 = Debug|Any CPU
		{D6DC7377-D430-4584-BCA6-1C25726E10A6}.Release|Any CPU.ActiveCfg = Release|Any CPU
		{D6DC7377-D430-4584-BCA6-1C25726E10A6}.Release|Any CPU.Build.0 = Release|Any CPU
		{41A0EB36-4638-45AB-8E1C-55A826E46C4A}.Debug|Any CPU.ActiveCfg = Debug|Any CPU
		{41A0EB36-4638-45AB-8E1C-55A826E46C4A}.Debug|Any CPU.Build.0 = Debug|Any CPU
		{41A0EB36-4638-45AB-8E1C-55A826E46C4A}.Release|Any CPU.ActiveCfg = Release|Any CPU
		{41A0EB36-4638-45AB-8E1C-55A826E46C4A}.Release|Any CPU.Build.0 = Release|Any CPU
		{49CEA3E6-453C-476F-B5D8-FADEA67EE695}.Debug|Any CPU.ActiveCfg = Debug|Any CPU
		{49CEA3E6-453C-476F-B5D8-FADEA67EE695}.Debug|Any CPU.Build.0 = Debug|Any CPU
		{49CEA3E6-453C-476F-B5D8-FADEA67EE695}.Release|Any CPU.ActiveCfg = Release|Any CPU
		{49CEA3E6-453C-476F-B5D8-FADEA67EE695}.Release|Any CPU.Build.0 = Release|Any CPU
		{D8890F0B-0C75-44A7-BF92-B417DB2DBD04}.Debug|Any CPU.ActiveCfg = Debug|Any CPU
		{D8890F0B-0C75-44A7-BF92-B417DB2DBD04}.Debug|Any CPU.Build.0 = Debug|Any CPU
		{D8890F0B-0C75-44A7-BF92-B417DB2DBD04}.Release|Any CPU.ActiveCfg = Release|Any CPU
		{D8890F0B-0C75-44A7-BF92-B417DB2DBD04}.Release|Any CPU.Build.0 = Release|Any CPU
	EndGlobalSection
	GlobalSection(SolutionProperties) = preSolution
		HideSolutionNode = FALSE
	EndGlobalSection
	GlobalSection(NestedProjects) = preSolution
		{C373F6CB-6641-41A1-B882-77AFE4D4EC7E} = {9A2859D0-FD56-4370-914D-AD74B20EDC0B}
		{1CC64BB3-5C2D-4274-9D3E-0057C5947097} = {CF83E2C6-919D-4EA6-8E38-60B1BC532C0B}
		{E3EEF74C-AD32-49A4-BCBF-8FD989D1BA0F} = {CF83E2C6-919D-4EA6-8E38-60B1BC532C0B}
		{BD1FB871-D3E2-4B54-A066-CB73E12C0B46} = {CF83E2C6-919D-4EA6-8E38-60B1BC532C0B}
		{D6DC7377-D430-4584-BCA6-1C25726E10A6} = {AB32854C-6444-4ECA-B15C-F30530B4D2B1}
		{41A0EB36-4638-45AB-8E1C-55A826E46C4A} = {CF83E2C6-919D-4EA6-8E38-60B1BC532C0B}
		{49CEA3E6-453C-476F-B5D8-FADEA67EE695} = {CF83E2C6-919D-4EA6-8E38-60B1BC532C0B}
		{D8890F0B-0C75-44A7-BF92-B417DB2DBD04} = {CF83E2C6-919D-4EA6-8E38-60B1BC532C0B}
	EndGlobalSection
	GlobalSection(ExtensibilityGlobals) = postSolution
		SolutionGuid = {4BAAD83F-FF75-45AB-83DB-9441A9BD7417}
	EndGlobalSection
EndGlobal
